
Microsoft Visual Studio Solution File, Format Version 12.00
# Visual Studio Version 16
VisualStudioVersion = 16.0.29920.165
MinimumVisualStudioVersion = 10.0.40219.1
Project("{FAE04EC0-301F-11D3-BF4B-00C04F79EFBC}") = "ConsoleApp1", "ConsoleApp1\ConsoleApp1.csproj", "{EF206FA4-5873-4185-8255-7248D7406852}"
EndProject
Global
	GlobalSection(SolutionConfigurationPlatforms) = preSolution
		Debug|Any CPU = Debug|Any CPU
		Release|Any CPU = Release|Any CPU
	EndGlobalSection
	GlobalSection(ProjectConfigurationPlatforms) = postSolution
		{EF206FA4-5873-4185-8255-7248D7406852}.Debug|Any CPU.ActiveCfg = Debug|Any CPU
		{EF206FA4-5873-4185-8255-7248D7406852}.Debug|Any CPU.Build.0 = Debug|Any CPU
		{EF206FA4-5873-4185-8255-7248D7406852}.Release|Any CPU.ActiveCfg = Release|Any CPU
		{EF206FA4-5873-4185-8255-7248D7406852}.Release|Any CPU.Build.0 = Release|Any CPU
	EndGlobalSection
	GlobalSection(SolutionProperties) = preSolution
		HideSolutionNode = FALSE
	EndGlobalSection
	GlobalSection(ExtensibilityGlobals) = postSolution
		SolutionGuid = {4546A861-B002-4440-9DCA-A78A175A3D8D}
	EndGlobalSection
EndGlobal
